
Microsoft Visual Studio Solution File, Format Version 12.00
# Visual Studio Version 16
VisualStudioVersion = 16.0.30309.148
MinimumVisualStudioVersion = 10.0.40219.1
Project("{9A19103F-16F7-4668-BE54-9A1E7A4F7556}") = "WebShop", "WebShop\WebShop.csproj", "{8824D2F4-BF0B-4E60-B8CD-3AACCE1B3FA5}"
EndProject
Project("{2150E333-8FDC-42A3-9474-1A3956D46DE8}") = "Solution Items", "Solution Items", "{4B6F87AD-7484-4447-8BA6-25B97A60A477}"
	ProjectSection(SolutionItems) = preProject
		README.md = README.md
	EndProjectSection
EndProject
Project("{9A19103F-16F7-4668-BE54-9A1E7A4F7556}") = "WebShop.DATA", "WebShop.DATA\WebShop.DATA.csproj", "{0D6AF51D-677F-4383-AA2D-39B209949577}"
EndProject
Project("{9A19103F-16F7-4668-BE54-9A1E7A4F7556}") = "WebShop.ApplicationService(Domain)", "WebShop.ApplicationService(Domain)\WebShop.ApplicationService(Domain).csproj", "{D5674F7E-85AD-4160-9915-2391D92E6994}"
EndProject
Project("{9A19103F-16F7-4668-BE54-9A1E7A4F7556}") = "WebShop.Utilities", "WebShop.Utilities\WebShop.Utilities.csproj", "{1D23FEBB-38CE-475C-B07F-E3C105FB8719}"
EndProject
Project("{FAE04EC0-301F-11D3-BF4B-00C04F79EFBC}") = "WebShop.ViewModels", "WebShop.ViewModels\WebShop.ViewModels.csproj", "{7241A574-FC23-4B8F-8559-9EBE1747849B}"
EndProject
Global
	GlobalSection(SolutionConfigurationPlatforms) = preSolution
		Debug|Any CPU = Debug|Any CPU
		Release|Any CPU = Release|Any CPU
	EndGlobalSection
	GlobalSection(ProjectConfigurationPlatforms) = postSolution
		{8824D2F4-BF0B-4E60-B8CD-3AACCE1B3FA5}.Debug|Any CPU.ActiveCfg = Debug|Any CPU
		{8824D2F4-BF0B-4E60-B8CD-3AACCE1B3FA5}.Debug|Any CPU.Build.0 = Debug|Any CPU
		{8824D2F4-BF0B-4E60-B8CD-3AACCE1B3FA5}.Release|Any CPU.ActiveCfg = Release|Any CPU
		{8824D2F4-BF0B-4E60-B8CD-3AACCE1B3FA5}.Release|Any CPU.Build.0 = Release|Any CPU
		{0D6AF51D-677F-4383-AA2D-39B209949577}.Debug|Any CPU.ActiveCfg = Debug|Any CPU
		{0D6AF51D-677F-4383-AA2D-39B209949577}.Debug|Any CPU.Build.0 = Debug|Any CPU
		{0D6AF51D-677F-4383-AA2D-39B209949577}.Release|Any CPU.ActiveCfg = Release|Any CPU
		{0D6AF51D-677F-4383-AA2D-39B209949577}.Release|Any CPU.Build.0 = Release|Any CPU
		{D5674F7E-85AD-4160-9915-2391D92E6994}.Debug|Any CPU.ActiveCfg = Debug|Any CPU
		{D5674F7E-85AD-4160-9915-2391D92E6994}.Debug|Any CPU.Build.0 = Debug|Any CPU
		{D5674F7E-85AD-4160-9915-2391D92E6994}.Release|Any CPU.ActiveCfg = Release|Any CPU
		{D5674F7E-85AD-4160-9915-2391D92E6994}.Release|Any CPU.Build.0 = Release|Any CPU
		{1D23FEBB-38CE-475C-B07F-E3C105FB8719}.Debug|Any CPU.ActiveCfg = Debug|Any CPU
		{1D23FEBB-38CE-475C-B07F-E3C105FB8719}.Debug|Any CPU.Build.0 = Debug|Any CPU
		{1D23FEBB-38CE-475C-B07F-E3C105FB8719}.Release|Any CPU.ActiveCfg = Release|Any CPU
		{1D23FEBB-38CE-475C-B07F-E3C105FB8719}.Release|Any CPU.Build.0 = Release|Any CPU
		{7241A574-FC23-4B8F-8559-9EBE1747849B}.Debug|Any CPU.ActiveCfg = Debug|Any CPU
		{7241A574-FC23-4B8F-8559-9EBE1747849B}.Debug|Any CPU.Build.0 = Debug|Any CPU
		{7241A574-FC23-4B8F-8559-9EBE1747849B}.Release|Any CPU.ActiveCfg = Release|Any CPU
		{7241A574-FC23-4B8F-8559-9EBE1747849B}.Release|Any CPU.Build.0 = Release|Any CPU
	EndGlobalSection
	GlobalSection(SolutionProperties) = preSolution
		HideSolutionNode = FALSE
	EndGlobalSection
	GlobalSection(ExtensibilityGlobals) = postSolution
		SolutionGuid = {AFAD9898-E01B-474A-A72E-505BCE1C1ABE}
	EndGlobalSection
EndGlobal
